
Microsoft Visual Studio Solution File, Format Version 12.00
# Visual Studio Version 17
VisualStudioVersion = 17.8.34408.163
MinimumVisualStudioVersion = 10.0.40219.1
Project("{FAE04EC0-301F-11D3-BF4B-00C04F79EFBC}") = "TestingSystem", "TestingSystem.csproj", "{C8957472-1313-4CAF-98DA-0410F4F26AA6}"
EndProject
Global
	GlobalSection(SolutionConfigurationPlatforms) = preSolution
		Debug|Any CPU = Debug|Any CPU
		Release|Any CPU = Release|Any CPU
	EndGlobalSection
	GlobalSection(ProjectConfigurationPlatforms) = postSolution
		{C8957472-1313-4CAF-98DA-0410F4F26AA6}.Debug|Any CPU.ActiveCfg = Debug|Any CPU
		{C8957472-1313-4CAF-98DA-0410F4F26AA6}.Debug|Any CPU.Build.0 = Debug|Any CPU
		{C8957472-1313-4CAF-98DA-0410F4F26AA6}.Release|Any CPU.ActiveCfg = Release|Any CPU
		{C8957472-1313-4CAF-98DA-0410F4F26AA6}.Release|Any CPU.Build.0 = Release|Any CPU
	EndGlobalSection
	GlobalSection(SolutionProperties) = preSolution
		HideSolutionNode = FALSE
	EndGlobalSection
	GlobalSection(ExtensibilityGlobals) = postSolution
		SolutionGuid = {B60BF72F-E59A-4C39-B1DF-FB05153A9584}
	EndGlobalSection
EndGlobal
